
Microsoft Visual Studio Solution File, Format Version 12.00
# Visual Studio Version 16
VisualStudioVersion = 16.0.30330.147
MinimumVisualStudioVersion = 10.0.40219.1
Project("{9A19103F-16F7-4668-BE54-9A1E7A4F7556}") = "Objects", "Sources\Objects\Objects.csproj", "{3B98B505-5FFF-44C7-9C7B-51952791AA8D}"
EndProject
Project("{9A19103F-16F7-4668-BE54-9A1E7A4F7556}") = "Generator", "Sources\Generator\Generator.csproj", "{DFA05C6A-8AD8-47E0-A629-4F2E37583A29}"
EndProject
Project("{9A19103F-16F7-4668-BE54-9A1E7A4F7556}") = "Schemes", "Sources\Schemes\Schemes.csproj", "{6BCD3004-D0AD-4969-86BF-239383A6540A}"
EndProject
Project("{FAE04EC0-301F-11D3-BF4B-00C04F79EFBC}") = "Generator.Tests", "Tests\Generator.Tests\Generator.Tests.csproj", "{7ABCE488-CF78-4B98-BA69-C24918D955C0}"
EndProject
Project("{FAE04EC0-301F-11D3-BF4B-00C04F79EFBC}") = "Objects.Tests", "Tests\Objects.Tests\Objects.Tests.csproj", "{207E1A67-2467-476C-880F-10B89DDEE228}"
EndProject
Project("{FAE04EC0-301F-11D3-BF4B-00C04F79EFBC}") = "Schemes.Tests", "Tests\Schemes.Tests\Schemes.Tests.csproj", "{E1A0D8F4-23DF-46E3-BEC6-642CA1F6CEAE}"
EndProject
Global
	GlobalSection(SolutionConfigurationPlatforms) = preSolution
		Debug|Any CPU = Debug|Any CPU
		Debug|x64 = Debug|x64
		Debug|x86 = Debug|x86
		Release|Any CPU = Release|Any CPU
		Release|x64 = Release|x64
		Release|x86 = Release|x86
	EndGlobalSection
	GlobalSection(ProjectConfigurationPlatforms) = postSolution
		{3B98B505-5FFF-44C7-9C7B-51952791AA8D}.Debug|Any CPU.ActiveCfg = Debug|Any CPU
		{3B98B505-5FFF-44C7-9C7B-51952791AA8D}.Debug|Any CPU.Build.0 = Debug|Any CPU
		{3B98B505-5FFF-44C7-9C7B-51952791AA8D}.Debug|x64.ActiveCfg = Debug|x64
		{3B98B505-5FFF-44C7-9C7B-51952791AA8D}.Debug|x64.Build.0 = Debug|x64
		{3B98B505-5FFF-44C7-9C7B-51952791AA8D}.Debug|x86.ActiveCfg = Debug|x86
		{3B98B505-5FFF-44C7-9C7B-51952791AA8D}.Debug|x86.Build.0 = Debug|x86
		{3B98B505-5FFF-44C7-9C7B-51952791AA8D}.Release|Any CPU.ActiveCfg = Release|Any CPU
		{3B98B505-5FFF-44C7-9C7B-51952791AA8D}.Release|Any CPU.Build.0 = Release|Any CPU
		{3B98B505-5FFF-44C7-9C7B-51952791AA8D}.Release|x64.ActiveCfg = Release|x64
		{3B98B505-5FFF-44C7-9C7B-51952791AA8D}.Release|x64.Build.0 = Release|x64
		{3B98B505-5FFF-44C7-9C7B-51952791AA8D}.Release|x86.ActiveCfg = Release|x86
		{3B98B505-5FFF-44C7-9C7B-51952791AA8D}.Release|x86.Build.0 = Release|x86
		{DFA05C6A-8AD8-47E0-A629-4F2E37583A29}.Debug|Any CPU.ActiveCfg = Debug|Any CPU
		{DFA05C6A-8AD8-47E0-A629-4F2E37583A29}.Debug|Any CPU.Build.0 = Debug|Any CPU
		{DFA05C6A-8AD8-47E0-A629-4F2E37583A29}.Debug|x64.ActiveCfg = Debug|x64
		{DFA05C6A-8AD8-47E0-A629-4F2E37583A29}.Debug|x64.Build.0 = Debug|x64
		{DFA05C6A-8AD8-47E0-A629-4F2E37583A29}.Debug|x86.ActiveCfg = Debug|x86
		{DFA05C6A-8AD8-47E0-A629-4F2E37583A29}.Debug|x86.Build.0 = Debug|x86
		{DFA05C6A-8AD8-47E0-A629-4F2E37583A29}.Release|Any CPU.ActiveCfg = Release|Any CPU
		{DFA05C6A-8AD8-47E0-A629-4F2E37583A29}.Release|Any CPU.Build.0 = Release|Any CPU
		{DFA05C6A-8AD8-47E0-A629-4F2E37583A29}.Release|x64.ActiveCfg = Release|x64
		{DFA05C6A-8AD8-47E0-A629-4F2E37583A29}.Release|x64.Build.0 = Release|x64
		{DFA05C6A-8AD8-47E0-A629-4F2E37583A29}.Release|x86.ActiveCfg = Release|x86
		{DFA05C6A-8AD8-47E0-A629-4F2E37583A29}.Release|x86.Build.0 = Release|x86
		{6BCD3004-D0AD-4969-86BF-239383A6540A}.Debug|Any CPU.ActiveCfg = Debug|Any CPU
		{6BCD3004-D0AD-4969-86BF-239383A6540A}.Debug|Any CPU.Build.0 = Debug|Any CPU
		{6BCD3004-D0AD-4969-86BF-239383A6540A}.Debug|x64.ActiveCfg = Debug|x64
		{6BCD3004-D0AD-4969-86BF-239383A6540A}.Debug|x64.Build.0 = Debug|x64
		{6BCD3004-D0AD-4969-86BF-239383A6540A}.Debug|x86.ActiveCfg = Debug|x86
		{6BCD3004-D0AD-4969-86BF-239383A6540A}.Debug|x86.Build.0 = Debug|x86
		{6BCD3004-D0AD-4969-86BF-239383A6540A}.Release|Any CPU.ActiveCfg = Release|Any CPU
		{6BCD3004-D0AD-4969-86BF-239383A6540A}.Release|Any CPU.Build.0 = Release|Any CPU
		{6BCD3004-D0AD-4969-86BF-239383A6540A}.Release|x64.ActiveCfg = Release|x64
		{6BCD3004-D0AD-4969-86BF-239383A6540A}.Release|x64.Build.0 = Release|x64
		{6BCD3004-D0AD-4969-86BF-239383A6540A}.Release|x86.ActiveCfg = Release|x86
		{6BCD3004-D0AD-4969-86BF-239383A6540A}.Release|x86.Build.0 = Release|x86
		{7ABCE488-CF78-4B98-BA69-C24918D955C0}.Debug|Any CPU.ActiveCfg = Debug|Any CPU
		{7ABCE488-CF78-4B98-BA69-C24918D955C0}.Debug|Any CPU.Build.0 = Debug|Any CPU
		{7ABCE488-CF78-4B98-BA69-C24918D955C0}.Debug|x64.ActiveCfg = Debug|x64
		{7ABCE488-CF78-4B98-BA69-C24918D955C0}.Debug|x64.Build.0 = Debug|x64
		{7ABCE488-CF78-4B98-BA69-C24918D955C0}.Debug|x86.ActiveCfg = Debug|x86
		{7ABCE488-CF78-4B98-BA69-C24918D955C0}.Debug|x86.Build.0 = Debug|x86
		{7ABCE488-CF78-4B98-BA69-C24918D955C0}.Release|Any CPU.ActiveCfg = Release|Any CPU
		{7ABCE488-CF78-4B98-BA69-C24918D955C0}.Release|Any CPU.Build.0 = Release|Any CPU
		{7ABCE488-CF78-4B98-BA69-C24918D955C0}.Release|x64.ActiveCfg = Release|x64
		{7ABCE488-CF78-4B98-BA69-C24918D955C0}.Release|x64.Build.0 = Release|x64
		{7ABCE488-CF78-4B98-BA69-C24918D955C0}.Release|x86.ActiveCfg = Release|x86
		{7ABCE488-CF78-4B98-BA69-C24918D955C0}.Release|x86.Build.0 = Release|x86
		{207E1A67-2467-476C-880F-10B89DDEE228}.Debug|Any CPU.ActiveCfg = Debug|Any CPU
		{207E1A67-2467-476C-880F-10B89DDEE228}.Debug|Any CPU.Build.0 = Debug|Any CPU
		{207E1A67-2467-476C-880F-10B89DDEE228}.Debug|x64.ActiveCfg = Debug|x64
		{207E1A67-2467-476C-880F-10B89DDEE228}.Debug|x64.Build.0 = Debug|x64
		{207E1A67-2467-476C-880F-10B89DDEE228}.Debug|x86.ActiveCfg = Debug|x86
		{207E1A67-2467-476C-880F-10B89DDEE228}.Debug|x86.Build.0 = Debug|x86
		{207E1A67-2467-476C-880F-10B89DDEE228}.Release|Any CPU.ActiveCfg = Release|Any CPU
		{207E1A67-2467-476C-880F-10B89DDEE228}.Release|Any CPU.Build.0 = Release|Any CPU
		{207E1A67-2467-476C-880F-10B89DDEE228}.Release|x64.ActiveCfg = Release|x64
		{207E1A67-2467-476C-880F-10B89DDEE228}.Release|x64.Build.0 = Release|x64
		{207E1A67-2467-476C-880F-10B89DDEE228}.Release|x86.ActiveCfg = Release|x86
		{207E1A67-2467-476C-880F-10B89DDEE228}.Release|x86.Build.0 = Release|x86
		{E1A0D8F4-23DF-46E3-BEC6-642CA1F6CEAE}.Debug|Any CPU.ActiveCfg = Debug|Any CPU
		{E1A0D8F4-23DF-46E3-BEC6-642CA1F6CEAE}.Debug|Any CPU.Build.0 = Debug|Any CPU
		{E1A0D8F4-23DF-46E3-BEC6-642CA1F6CEAE}.Debug|x64.ActiveCfg = Debug|x64
		{E1A0D8F4-23DF-46E3-BEC6-642CA1F6CEAE}.Debug|x64.Build.0 = Debug|x64
		{E1A0D8F4-23DF-46E3-BEC6-642CA1F6CEAE}.Debug|x86.ActiveCfg = Debug|x86
		{E1A0D8F4-23DF-46E3-BEC6-642CA1F6CEAE}.Debug|x86.Build.0 = Debug|x86
		{E1A0D8F4-23DF-46E3-BEC6-642CA1F6CEAE}.Release|Any CPU.ActiveCfg = Release|Any CPU
		{E1A0D8F4-23DF-46E3-BEC6-642CA1F6CEAE}.Release|Any CPU.Build.0 = Release|Any CPU
		{E1A0D8F4-23DF-46E3-BEC6-642CA1F6CEAE}.Release|x64.ActiveCfg = Release|x64
		{E1A0D8F4-23DF-46E3-BEC6-642CA1F6CEAE}.Release|x64.Build.0 = Release|x64
		{E1A0D8F4-23DF-46E3-BEC6-642CA1F6CEAE}.Release|x86.ActiveCfg = Release|x86
		{E1A0D8F4-23DF-46E3-BEC6-642CA1F6CEAE}.Release|x86.Build.0 = Release|x86
	EndGlobalSection
	GlobalSection(SolutionProperties) = preSolution
		HideSolutionNode = FALSE
	EndGlobalSection
	GlobalSection(ExtensibilityGlobals) = postSolution
		SolutionGuid = {26F774DF-8741-471E-A155-DE1AB4776E25}
	EndGlobalSection
EndGlobal
